# THIS IS AN AUTOGENERATED FILE. DO NOT EDIT THIS FILE DIRECTLY.
# yarn lockfile v1


async-limiter@~1.0.0:
  version "1.0.0"
  resolved "https://registry.yarnpkg.com/async-limiter/-/async-limiter-1.0.0.tgz#78faed8c3d074ab81f22b4e985d79e8738f720f8"

eris@^0.8.1:
  version "0.8.1"
  resolved "https://registry.yarnpkg.com/eris/-/eris-0.8.1.tgz#49e01d0d8c8a28e9c073f645b35282e27a1cdf92"
  dependencies:
    ws "^3.2.0"
  optionalDependencies:
    opusscript "^0.0.4"
    tweetnacl "^1.0.0"

opusscript@^0.0.4:
  version "0.0.4"
  resolved "https://registry.yarnpkg.com/opusscript/-/opusscript-0.0.4.tgz#c718edcfdcd2a1f55fadb266dd07268d4a46afde"

safe-buffer@~5.1.0:
  version "5.1.1"
  resolved "https://registry.yarnpkg.com/safe-buffer/-/safe-buffer-5.1.1.tgz#893312af69b2123def71f57889001671eeb2c853"

tweetnacl@^1.0.0:
  version "1.0.0"
  resolved "https://registry.yarnpkg.com/tweetnacl/-/tweetnacl-1.0.0.tgz#713d8b818da42068740bf68386d0479e66fc8a7b"

ultron@~1.1.0:
  version "1.1.0"
  resolved "https://registry.yarnpkg.com/ultron/-/ultron-1.1.0.tgz#b07a2e6a541a815fc6a34ccd4533baec307ca864"

ws@^3.2.0:
  version "3.3.1"
  resolved "https://registry.yarnpkg.com/ws/-/ws-3.3.1.tgz#d97e34dee06a1190c61ac1e95f43cb60b78cf939"
  dependencies:
    async-limiter "~1.0.0"
    safe-buffer "~5.1.0"
    ultron "~1.1.0"
